// !$*UTF8*$!
{
	archiveVersion = 1;
	classes = {
	};
	objectVersion = 46;
	objects = {

/* Begin PBXBuildFile section */
		A829C9A31EA7CAAC003D9698 /* AppDelegate.swift in Sources */ = {isa = PBXBuildFile; fileRef = A829C9A21EA7CAAC003D9698 /* AppDelegate.swift */; };
		A829C9A51EA7CAAC003D9698 /* MasterViewController.swift in Sources */ = {isa = PBXBuildFile; fileRef = A829C9A41EA7CAAC003D9698 /* MasterViewController.swift */; };
		A829C9A71EA7CAAC003D9698 /* DetailViewController.swift in Sources */ = {isa = PBXBuildFile; fileRef = A829C9A61EA7CAAC003D9698 /* DetailViewController.swift */; };
		A829C9AA1EA7CAAC003D9698 /* Main.storyboard in Resources */ = {isa = PBXBuildFile; fileRef = A829C9A81EA7CAAC003D9698 /* Main.storyboard */; };
		A829C9AC1EA7CAAC003D9698 /* Assets.xcassets in Resources */ = {isa = PBXBuildFile; fileRef = A829C9AB1EA7CAAC003D9698 /* Assets.xcassets */; };
		A829C9AF1EA7CAAC003D9698 /* LaunchScreen.storyboard in Resources */ = {isa = PBXBuildFile; fileRef = A829C9AD1EA7CAAC003D9698 /* LaunchScreen.storyboard */; };
		A829C9B71EA7CCDB003D9698 /* People.swift in Sources */ = {isa = PBXBuildFile; fileRef = A829C9B61EA7CCDB003D9698 /* People.swift */; };
		A829C9B91EA7CFDD003D9698 /* Vehicles.swift in Sources */ = {isa = PBXBuildFile; fileRef = A829C9B81EA7CFDD003D9698 /* Vehicles.swift */; };
		A829C9BB1EA7D1AE003D9698 /* Starships.swift in Sources */ = {isa = PBXBuildFile; fileRef = A829C9BA1EA7D1AE003D9698 /* Starships.swift */; };
		A829C9BD1EA7D35B003D9698 /* APIClient.swift in Sources */ = {isa = PBXBuildFile; fileRef = A829C9BC1EA7D35B003D9698 /* APIClient.swift */; };
		A8E092501EA83A28009ECB22 /* SWAPIClient.swift in Sources */ = {isa = PBXBuildFile; fileRef = A8E0924F1EA83A28009ECB22 /* SWAPIClient.swift */; };
/* End PBXBuildFile section */

/* Begin PBXFileReference section */
		A829C99F1EA7CAAC003D9698 /* StarWarsTrivia.app */ = {isa = PBXFileReference; explicitFileType = wrapper.application; includeInIndex = 0; path = StarWarsTrivia.app; sourceTree = BUILT_PRODUCTS_DIR; };
		A829C9A21EA7CAAC003D9698 /* AppDelegate.swift */ = {isa = PBXFileReference; lastKnownFileType = sourcecode.swift; path = AppDelegate.swift; sourceTree = "<group>"; };
		A829C9A41EA7CAAC003D9698 /* MasterViewController.swift */ = {isa = PBXFileReference; lastKnownFileType = sourcecode.swift; path = MasterViewController.swift; sourceTree = "<group>"; };
		A829C9A61EA7CAAC003D9698 /* DetailViewController.swift */ = {isa = PBXFileReference; lastKnownFileType = sourcecode.swift; path = DetailViewController.swift; sourceTree = "<group>"; };
		A829C9A91EA7CAAC003D9698 /* Base */ = {isa = PBXFileReference; lastKnownFileType = file.storyboard; name = Base; path = Base.lproj/Main.storyboard; sourceTree = "<group>"; };
		A829C9AB1EA7CAAC003D9698 /* Assets.xcassets */ = {isa = PBXFileReference; lastKnownFileType = folder.assetcatalog; path = Assets.xcassets; sourceTree = "<group>"; };
		A829C9AE1EA7CAAC003D9698 /* Base */ = {isa = PBXFileReference; lastKnownFileType = file.storyboard; name = Base; path = Base.lproj/LaunchScreen.storyboard; sourceTree = "<group>"; };
		A829C9B01EA7CAAC003D9698 /* Info.plist */ = {isa = PBXFileReference; lastKnownFileType = text.plist.xml; path = Info.plist; sourceTree = "<group>"; };
		A829C9B61EA7CCDB003D9698 /* People.swift */ = {isa = PBXFileReference; fileEncoding = 4; lastKnownFileType = sourcecode.swift; name = People.swift; path = ../People.swift; sourceTree = "<group>"; };
		A829C9B81EA7CFDD003D9698 /* Vehicles.swift */ = {isa = PBXFileReference; fileEncoding = 4; lastKnownFileType = sourcecode.swift; name = Vehicles.swift; path = ../Vehicles.swift; sourceTree = "<group>"; };
		A829C9BA1EA7D1AE003D9698 /* Starships.swift */ = {isa = PBXFileReference; fileEncoding = 4; lastKnownFileType = sourcecode.swift; name = Starships.swift; path = ../Starships.swift; sourceTree = "<group>"; };
		A829C9BC1EA7D35B003D9698 /* APIClient.swift */ = {isa = PBXFileReference; fileEncoding = 4; lastKnownFileType = sourcecode.swift; name = APIClient.swift; path = ../APIClient.swift; sourceTree = "<group>"; };
		A8E0924F1EA83A28009ECB22 /* SWAPIClient.swift */ = {isa = PBXFileReference; fileEncoding = 4; lastKnownFileType = sourcecode.swift; name = SWAPIClient.swift; path = ../SWAPIClient.swift; sourceTree = "<group>"; };
/* End PBXFileReference section */

/* Begin PBXFrameworksBuildPhase section */
		A829C99C1EA7CAAC003D9698 /* Frameworks */ = {
			isa = PBXFrameworksBuildPhase;
			buildActionMask = 2147483647;
			files = (
			);
			runOnlyForDeploymentPostprocessing = 0;
		};
/* End PBXFrameworksBuildPhase section */

/* Begin PBXGroup section */
		A829C9961EA7CAAC003D9698 = {
			isa = PBXGroup;
			children = (
				A829C9A11EA7CAAC003D9698 /* StarWarsTrivia */,
				A829C9A01EA7CAAC003D9698 /* Products */,
			);
			sourceTree = "<group>";
		};
		A829C9A01EA7CAAC003D9698 /* Products */ = {
			isa = PBXGroup;
			children = (
				A829C99F1EA7CAAC003D9698 /* StarWarsTrivia.app */,
			);
			name = Products;
			sourceTree = "<group>";
		};
		A829C9A11EA7CAAC003D9698 /* StarWarsTrivia */ = {
			isa = PBXGroup;
			children = (
				A829C9B61EA7CCDB003D9698 /* People.swift */,
				A829C9B81EA7CFDD003D9698 /* Vehicles.swift */,
				A829C9BA1EA7D1AE003D9698 /* Starships.swift */,
				A829C9BC1EA7D35B003D9698 /* APIClient.swift */,
				A8E0924F1EA83A28009ECB22 /* SWAPIClient.swift */,
				A829C9A21EA7CAAC003D9698 /* AppDelegate.swift */,
				A829C9A41EA7CAAC003D9698 /* MasterViewController.swift */,
				A829C9A61EA7CAAC003D9698 /* DetailViewController.swift */,
				A829C9A81EA7CAAC003D9698 /* Main.storyboard */,
				A829C9AB1EA7CAAC003D9698 /* Assets.xcassets */,
				A829C9AD1EA7CAAC003D9698 /* LaunchScreen.storyboard */,
				A829C9B01EA7CAAC003D9698 /* Info.plist */,
			);
			path = StarWarsTrivia;
			sourceTree = "<group>";
		};
/* End PBXGroup section */

/* Begin PBXNativeTarget section */
		A829C99E1EA7CAAC003D9698 /* StarWarsTrivia */ = {
			isa = PBXNativeTarget;
			buildConfigurationList = A829C9B31EA7CAAC003D9698 /* Build configuration list for PBXNativeTarget "StarWarsTrivia" */;
			buildPhases = (
				A829C99B1EA7CAAC003D9698 /* Sources */,
				A829C99C1EA7CAAC003D9698 /* Frameworks */,
				A829C99D1EA7CAAC003D9698 /* Resources */,
			);
			buildRules = (
			);
			dependencies = (
			);
			name = StarWarsTrivia;
			productName = StarWarsTrivia;
			productReference = A829C99F1EA7CAAC003D9698 /* StarWarsTrivia.app */;
			productType = "com.apple.product-type.application";
		};
/* End PBXNativeTarget section */

/* Begin PBXProject section */
		A829C9971EA7CAAC003D9698 /* Project object */ = {
			isa = PBXProject;
			attributes = {
				LastSwiftUpdateCheck = 0830;
				LastUpgradeCheck = 0830;
				ORGANIZATIONNAME = "Jevaughn McKenzie";
				TargetAttributes = {
					A829C99E1EA7CAAC003D9698 = {
						CreatedOnToolsVersion = 8.3.1;
						ProvisioningStyle = Automatic;
					};
				};
			};
			buildConfigurationList = A829C99A1EA7CAAC003D9698 /* Build configuration list for PBXProject "StarWarsTrivia" */;
			compatibilityVersion = "Xcode 3.2";
			developmentRegion = English;
			hasScannedForEncodings = 0;
			knownRegions = (
				en,
				Base,
			);
			mainGroup = A829C9961EA7CAAC003D9698;
			productRefGroup = A829C9A01EA7CAAC003D9698 /* Products */;
			projectDirPath = "";
			projectRoot = "";
			targets = (
				A829C99E1EA7CAAC003D9698 /* StarWarsTrivia */,
			);
		};
/* End PBXProject section */

/* Begin PBXResourcesBuildPhase section */
		A829C99D1EA7CAAC003D9698 /* Resources */ = {
			isa = PBXResourcesBuildPhase;
			buildActionMask = 2147483647;
			files = (
				A829C9AF1EA7CAAC003D9698 /* LaunchScreen.storyboard in Resources */,
				A829C9AC1EA7CAAC003D9698 /* Assets.xcassets in Resources */,
				A829C9AA1EA7CAAC003D9698 /* Main.storyboard in Resources */,
			);
			runOnlyForDeploymentPostprocessing = 0;
		};
/* End PBXResourcesBuildPhase section */

/* Begin PBXSourcesBuildPhase section */
		A829C99B1EA7CAAC003D9698 /* Sources */ = {
			isa = PBXSourcesBuildPhase;
			buildActionMask = 2147483647;
			files = (
				A829C9B71EA7CCDB003D9698 /* People.swift in Sources */,
				A829C9BD1EA7D35B003D9698 /* APIClient.swift in Sources */,
				A829C9A71EA7CAAC003D9698 /* DetailViewController.swift in Sources */,
				A829C9A51EA7CAAC003D9698 /* MasterViewController.swift in Sources */,
				A829C9B91EA7CFDD003D9698 /* Vehicles.swift in Sources */,
				A829C9A31EA7CAAC003D9698 /* AppDelegate.swift in Sources */,
				A829C9BB1EA7D1AE003D9698 /* Starships.swift in Sources */,
				A8E092501EA83A28009ECB22 /* SWAPIClient.swift in Sources */,
			);
			runOnlyForDeploymentPostprocessing = 0;
		};
/* End PBXSourcesBuildPhase section */

/* Begin PBXVariantGroup section */
		A829C9A81EA7CAAC003D9698 /* Main.storyboard */ = {
			isa = PBXVariantGroup;
			children = (
				A829C9A91EA7CAAC003D9698 /* Base */,
			);
			name = Main.storyboard;
			sourceTree = "<group>";
		};
		A829C9AD1EA7CAAC003D9698 /* LaunchScreen.storyboard */ = {
			isa = PBXVariantGroup;
			children = (
				A829C9AE1EA7CAAC003D9698 /* Base */,
			);
			name = LaunchScreen.storyboard;
			sourceTree = "<group>";
		};
/* End PBXVariantGroup section */

/* Begin XCBuildConfiguration section */
		A829C9B11EA7CAAC003D9698 /* Debug */ = {
			isa = XCBuildConfiguration;
			buildSettings = {
				ALWAYS_SEARCH_USER_PATHS = NO;
				CLANG_ANALYZER_NONNULL = YES;
				CLANG_ANALYZER_NUMBER_OBJECT_CONVERSION = YES_AGGRESSIVE;
				CLANG_CXX_LANGUAGE_STANDARD = "gnu++0x";
				CLANG_CXX_LIBRARY = "libc++";
				CLANG_ENABLE_MODULES = YES;
				CLANG_ENABLE_OBJC_ARC = YES;
				CLANG_WARN_BOOL_CONVERSION = YES;
				CLANG_WARN_CONSTANT_CONVERSION = YES;
				CLANG_WARN_DIRECT_OBJC_ISA_USAGE = YES_ERROR;
				CLANG_WARN_DOCUMENTATION_COMMENTS = YES;
				CLANG_WARN_EMPTY_BODY = YES;
				CLANG_WARN_ENUM_CONVERSION = YES;
				CLANG_WARN_INFINITE_RECURSION = YES;
				CLANG_WARN_INT_CONVERSION = YES;
				CLANG_WARN_OBJC_ROOT_CLASS = YES_ERROR;
				CLANG_WARN_SUSPICIOUS_MOVE = YES;
				CLANG_WARN_UNREACHABLE_CODE = YES;
				CLANG_WARN__DUPLICATE_METHOD_MATCH = YES;
				"CODE_SIGN_IDENTITY[sdk=iphoneos*]" = "iPhone Developer";
				COPY_PHASE_STRIP = NO;
				DEBUG_INFORMATION_FORMAT = dwarf;
				ENABLE_STRICT_OBJC_MSGSEND = YES;
				ENABLE_TESTABILITY = YES;
				GCC_C_LANGUAGE_STANDARD = gnu99;
				GCC_DYNAMIC_NO_PIC = NO;
				GCC_NO_COMMON_BLOCKS = YES;
				GCC_OPTIMIZATION_LEVEL = 0;
				GCC_PREPROCESSOR_DEFINITIONS = (
					"DEBUG=1",
					"$(inherited)",
				);
				GCC_WARN_64_TO_32_BIT_CONVERSION = YES;
				GCC_WARN_ABOUT_RETURN_TYPE = YES_ERROR;
				GCC_WARN_UNDECLARED_SELECTOR = YES;
				GCC_WARN_UNINITIALIZED_AUTOS = YES_AGGRESSIVE;
				GCC_WARN_UNUSED_FUNCTION = YES;
				GCC_WARN_UNUSED_VARIABLE = YES;
				IPHONEOS_DEPLOYMENT_TARGET = 10.3;
				MTL_ENABLE_DEBUG_INFO = YES;
				ONLY_ACTIVE_ARCH = YES;
				SDKROOT = iphoneos;
				SWIFT_ACTIVE_COMPILATION_CONDITIONS = DEBUG;
				SWIFT_OPTIMIZATION_LEVEL = "-Onone";
			};
			name = Debug;
		};
		A829C9B21EA7CAAC003D9698 /* Release */ = {
			isa = XCBuildConfiguration;
			buildSettings = {
				ALWAYS_SEARCH_USER_PATHS = NO;
				CLANG_ANALYZER_NONNULL = YES;
				CLANG_ANALYZER_NUMBER_OBJECT_CONVERSION = YES_AGGRESSIVE;
				CLANG_CXX_LANGUAGE_STANDARD = "gnu++0x";
				CLANG_CXX_LIBRARY = "libc++";
				CLANG_ENABLE_MODULES = YES;
				CLANG_ENABLE_OBJC_ARC = YES;
				CLANG_WARN_BOOL_CONVERSION = YES;
				CLANG_WARN_CONSTANT_CONVERSION = YES;
				CLANG_WARN_DIRECT_OBJC_ISA_USAGE = YES_ERROR;
				CLANG_WARN_DOCUMENTATION_COMMENTS = YES;
				CLANG_WARN_EMPTY_BODY = YES;
				CLANG_WARN_ENUM_CONVERSION = YES;
				CLANG_WARN_INFINITE_RECURSION = YES;
				CLANG_WARN_INT_CONVERSION = YES;
				CLANG_WARN_OBJC_ROOT_CLASS = YES_ERROR;
				CLANG_WARN_SUSPICIOUS_MOVE = YES;
				CLANG_WARN_UNREACHABLE_CODE = YES;
				CLANG_WARN__DUPLICATE_METHOD_MATCH = YES;
				"CODE_SIGN_IDENTITY[sdk=iphoneos*]" = "iPhone Developer";
				COPY_PHASE_STRIP = NO;
				DEBUG_INFORMATION_FORMAT = "dwarf-with-dsym";
				ENABLE_NS_ASSERTIONS = NO;
				ENABLE_STRICT_OBJC_MSGSEND = YES;
				GCC_C_LANGUAGE_STANDARD = gnu99;
				GCC_NO_COMMON_BLOCKS = YES;
				GCC_WARN_64_TO_32_BIT_CONVERSION = YES;
				GCC_WARN_ABOUT_RETURN_TYPE = YES_ERROR;
				GCC_WARN_UNDECLARED_SELECTOR = YES;
				GCC_WARN_UNINITIALIZED_AUTOS = YES_AGGRESSIVE;
				GCC_WARN_UNUSED_FUNCTION = YES;
				GCC_WARN_UNUSED_VARIABLE = YES;
				IPHONEOS_DEPLOYMENT_TARGET = 10.3;
				MTL_ENABLE_DEBUG_INFO = NO;
				SDKROOT = iphoneos;
				SWIFT_OPTIMIZATION_LEVEL = "-Owholemodule";
				VALIDATE_PRODUCT = YES;
			};
			name = Release;
		};
		A829C9B41EA7CAAC003D9698 /* Debug */ = {
			isa = XCBuildConfiguration;
			buildSettings = {
				ASSETCATALOG_COMPILER_APPICON_NAME = AppIcon;
				INFOPLIST_FILE = StarWarsTrivia/Info.plist;
				LD_RUNPATH_SEARCH_PATHS = "$(inherited) @executable_path/Frameworks";
				PRODUCT_BUNDLE_IDENTIFIER = com.jevaughnmckenzie.StarWarsTrivia;
				PRODUCT_NAME = "$(TARGET_NAME)";
				SWIFT_VERSION = 3.0;
			};
			name = Debug;
		};
		A829C9B51EA7CAAC003D9698 /* Release */ = {
			isa = XCBuildConfiguration;
			buildSettings = {
				ASSETCATALOG_COMPILER_APPICON_NAME = AppIcon;
				INFOPLIST_FILE = StarWarsTrivia/Info.plist;
				LD_RUNPATH_SEARCH_PATHS = "$(inherited) @executable_path/Frameworks";
				PRODUCT_BUNDLE_IDENTIFIER = com.jevaughnmckenzie.StarWarsTrivia;
				PRODUCT_NAME = "$(TARGET_NAME)";
				SWIFT_VERSION = 3.0;
			};
			name = Release;
		};
/* End XCBuildConfiguration section */

/* Begin XCConfigurationList section */
		A829C99A1EA7CAAC003D9698 /* Build configuration list for PBXProject "StarWarsTrivia" */ = {
			isa = XCConfigurationList;
			buildConfigurations = (
				A829C9B11EA7CAAC003D9698 /* Debug */,
				A829C9B21EA7CAAC003D9698 /* Release */,
			);
			defaultConfigurationIsVisible = 0;
			defaultConfigurationName = Release;
		};
		A829C9B31EA7CAAC003D9698 /* Build configuration list for PBXNativeTarget "StarWarsTrivia" */ = {
			isa = XCConfigurationList;
			buildConfigurations = (
				A829C9B41EA7CAAC003D9698 /* Debug */,
				A829C9B51EA7CAAC003D9698 /* Release */,
			);
			defaultConfigurationIsVisible = 0;
			defaultConfigurationName = Release;
		};
/* End XCConfigurationList section */
	};
	rootObject = A829C9971EA7CAAC003D9698 /* Project object */;
}
